
Microsoft Visual Studio Solution File, Format Version 12.00
# Visual Studio Version 17
VisualStudioVersion = 17.5.33516.290
MinimumVisualStudioVersion = 10.0.40219.1
Project("{FAE04EC0-301F-11D3-BF4B-00C04F79EFBC}") = "Prueba_2", "Prueba_2\Prueba_2.csproj", "{E0AB178B-A26E-4C01-88FD-03AB39FF49DC}"
EndProject
Global
	GlobalSection(SolutionConfigurationPlatforms) = preSolution
		Debug|Any CPU = Debug|Any CPU
		Release|Any CPU = Release|Any CPU
	EndGlobalSection
	GlobalSection(ProjectConfigurationPlatforms) = postSolution
		{E0AB178B-A26E-4C01-88FD-03AB39FF49DC}.Debug|Any CPU.ActiveCfg = Debug|Any CPU
		{E0AB178B-A26E-4C01-88FD-03AB39FF49DC}.Debug|Any CPU.Build.0 = Debug|Any CPU
		{E0AB178B-A26E-4C01-88FD-03AB39FF49DC}.Release|Any CPU.ActiveCfg = Release|Any CPU
		{E0AB178B-A26E-4C01-88FD-03AB39FF49DC}.Release|Any CPU.Build.0 = Release|Any CPU
	EndGlobalSection
	GlobalSection(SolutionProperties) = preSolution
		HideSolutionNode = FALSE
	EndGlobalSection
	GlobalSection(ExtensibilityGlobals) = postSolution
		SolutionGuid = {18E7FE0C-23C3-47DD-9A9E-9C6DABD9426D}
	EndGlobalSection
EndGlobal
